
Microsoft Visual Studio Solution File, Format Version 12.00
# Visual Studio Version 17
VisualStudioVersion = 17.9.34723.18
MinimumVisualStudioVersion = 10.0.40219.1
Project("{9A19103F-16F7-4668-BE54-9A1E7A4F7556}") = "DrawCurve.Core", "DrawCurve.Core\DrawCurve.Core.csproj", "{5659D34C-38F6-46DE-89F7-384434F713A9}"
EndProject
Project("{9A19103F-16F7-4668-BE54-9A1E7A4F7556}") = "DrawCurve.Console", "DrawCurve.Console\DrawCurve.Console.csproj", "{97807FDA-FDED-4998-9298-3E34A9858025}"
EndProject
Project("{9A19103F-16F7-4668-BE54-9A1E7A4F7556}") = "DrawCurve.Domen", "DrawCurve.Domen\DrawCurve.Domen.csproj", "{9F7B0069-191B-4DF4-A61F-D1AFFFF24A0B}"
EndProject
Project("{9A19103F-16F7-4668-BE54-9A1E7A4F7556}") = "DrawCurve.Domen.DTO", "DrawCurve.Domen.DTO\DrawCurve.Domen.DTO.csproj", "{F5C1FDC9-34D2-41F9-A4F8-F26FFDBB0969}"
EndProject
Project("{9A19103F-16F7-4668-BE54-9A1E7A4F7556}") = "DrawCurve.Application", "DrawCurve.Application\DrawCurve.Application.csproj", "{9768C970-EF89-486B-924C-34C4547366CB}"
EndProject
Project("{9A19103F-16F7-4668-BE54-9A1E7A4F7556}") = "DrawCurve.API", "DrawCurve.API\DrawCurve.API.csproj", "{97C62B6F-EB19-4B29-970E-9B41CEB365B1}"
EndProject
Project("{FAE04EC0-301F-11D3-BF4B-00C04F79EFBC}") = "DrawCurve.Infrastructure", "DrawCurve.Infrastructure\DrawCurve.Infrastructure.csproj", "{887876E9-3044-4783-85DB-BE710A08B00A}"
EndProject
Global
	GlobalSection(SolutionConfigurationPlatforms) = preSolution
		Debug|Any CPU = Debug|Any CPU
		Release|Any CPU = Release|Any CPU
	EndGlobalSection
	GlobalSection(ProjectConfigurationPlatforms) = postSolution
		{5659D34C-38F6-46DE-89F7-384434F713A9}.Debug|Any CPU.ActiveCfg = Debug|Any CPU
		{5659D34C-38F6-46DE-89F7-384434F713A9}.Debug|Any CPU.Build.0 = Debug|Any CPU
		{5659D34C-38F6-46DE-89F7-384434F713A9}.Release|Any CPU.ActiveCfg = Release|Any CPU
		{5659D34C-38F6-46DE-89F7-384434F713A9}.Release|Any CPU.Build.0 = Release|Any CPU
		{97807FDA-FDED-4998-9298-3E34A9858025}.Debug|Any CPU.ActiveCfg = Debug|Any CPU
		{97807FDA-FDED-4998-9298-3E34A9858025}.Debug|Any CPU.Build.0 = Debug|Any CPU
		{97807FDA-FDED-4998-9298-3E34A9858025}.Release|Any CPU.ActiveCfg = Release|Any CPU
		{97807FDA-FDED-4998-9298-3E34A9858025}.Release|Any CPU.Build.0 = Release|Any CPU
		{9F7B0069-191B-4DF4-A61F-D1AFFFF24A0B}.Debug|Any CPU.ActiveCfg = Debug|Any CPU
		{9F7B0069-191B-4DF4-A61F-D1AFFFF24A0B}.Debug|Any CPU.Build.0 = Debug|Any CPU
		{9F7B0069-191B-4DF4-A61F-D1AFFFF24A0B}.Release|Any CPU.ActiveCfg = Release|Any CPU
		{9F7B0069-191B-4DF4-A61F-D1AFFFF24A0B}.Release|Any CPU.Build.0 = Release|Any CPU
		{F5C1FDC9-34D2-41F9-A4F8-F26FFDBB0969}.Debug|Any CPU.ActiveCfg = Debug|Any CPU
		{F5C1FDC9-34D2-41F9-A4F8-F26FFDBB0969}.Debug|Any CPU.Build.0 = Debug|Any CPU
		{F5C1FDC9-34D2-41F9-A4F8-F26FFDBB0969}.Release|Any CPU.ActiveCfg = Release|Any CPU
		{F5C1FDC9-34D2-41F9-A4F8-F26FFDBB0969}.Release|Any CPU.Build.0 = Release|Any CPU
		{9768C970-EF89-486B-924C-34C4547366CB}.Debug|Any CPU.ActiveCfg = Debug|Any CPU
		{9768C970-EF89-486B-924C-34C4547366CB}.Debug|Any CPU.Build.0 = Debug|Any CPU
		{9768C970-EF89-486B-924C-34C4547366CB}.Release|Any CPU.ActiveCfg = Release|Any CPU
		{9768C970-EF89-486B-924C-34C4547366CB}.Release|Any CPU.Build.0 = Release|Any CPU
		{97C62B6F-EB19-4B29-970E-9B41CEB365B1}.Debug|Any CPU.ActiveCfg = Debug|Any CPU
		{97C62B6F-EB19-4B29-970E-9B41CEB365B1}.Debug|Any CPU.Build.0 = Debug|Any CPU
		{97C62B6F-EB19-4B29-970E-9B41CEB365B1}.Release|Any CPU.ActiveCfg = Release|Any CPU
		{97C62B6F-EB19-4B29-970E-9B41CEB365B1}.Release|Any CPU.Build.0 = Release|Any CPU
		{887876E9-3044-4783-85DB-BE710A08B00A}.Debug|Any CPU.ActiveCfg = Debug|Any CPU
		{887876E9-3044-4783-85DB-BE710A08B00A}.Debug|Any CPU.Build.0 = Debug|Any CPU
		{887876E9-3044-4783-85DB-BE710A08B00A}.Release|Any CPU.ActiveCfg = Release|Any CPU
		{887876E9-3044-4783-85DB-BE710A08B00A}.Release|Any CPU.Build.0 = Release|Any CPU
	EndGlobalSection
	GlobalSection(SolutionProperties) = preSolution
		HideSolutionNode = FALSE
	EndGlobalSection
	GlobalSection(ExtensibilityGlobals) = postSolution
		SolutionGuid = {2152D04B-53B3-4C08-972F-8654BF93FA5B}
	EndGlobalSection
EndGlobal
